// !$*UTF8*$!
{
	archiveVersion = 1;
	classes = {
	};
	objectVersion = 46;
	objects = {

/* Begin PBXBuildFile section */
		7D9BC3131EB7A38200D30B0C /* AppDelegate.swift in Sources */ = {isa = PBXBuildFile; fileRef = 7D9BC3121EB7A38200D30B0C /* AppDelegate.swift */; };
		7D9BC3151EB7A38200D30B0C /* GameScene.sks in Resources */ = {isa = PBXBuildFile; fileRef = 7D9BC3141EB7A38200D30B0C /* GameScene.sks */; };
		7D9BC3171EB7A38200D30B0C /* Actions.sks in Resources */ = {isa = PBXBuildFile; fileRef = 7D9BC3161EB7A38200D30B0C /* Actions.sks */; };
		7D9BC3191EB7A38200D30B0C /* GameScene.swift in Sources */ = {isa = PBXBuildFile; fileRef = 7D9BC3181EB7A38200D30B0C /* GameScene.swift */; };
		7D9BC31B1EB7A38200D30B0C /* GameViewController.swift in Sources */ = {isa = PBXBuildFile; fileRef = 7D9BC31A1EB7A38200D30B0C /* GameViewController.swift */; };
		7D9BC31E1EB7A38200D30B0C /* Main.storyboard in Resources */ = {isa = PBXBuildFile; fileRef = 7D9BC31C1EB7A38200D30B0C /* Main.storyboard */; };
		7D9BC3201EB7A38200D30B0C /* Assets.xcassets in Resources */ = {isa = PBXBuildFile; fileRef = 7D9BC31F1EB7A38200D30B0C /* Assets.xcassets */; };
		7D9BC3231EB7A38200D30B0C /* LaunchScreen.storyboard in Resources */ = {isa = PBXBuildFile; fileRef = 7D9BC3211EB7A38200D30B0C /* LaunchScreen.storyboard */; };
		7D9BC3501EB7A9B500D30B0C /* explosion.mp3 in Resources */ = {isa = PBXBuildFile; fileRef = 7D9BC34E1EB7A9B500D30B0C /* explosion.mp3 */; };
		7D9BC3511EB7A9B500D30B0C /* torpedo.mp3 in Resources */ = {isa = PBXBuildFile; fileRef = 7D9BC34F1EB7A9B500D30B0C /* torpedo.mp3 */; };
		7D9BC3561EB7AACC00D30B0C /* Explosion.sks in Resources */ = {isa = PBXBuildFile; fileRef = 7D9BC3541EB7AACC00D30B0C /* Explosion.sks */; };
		7D9BC3571EB7AACC00D30B0C /* Starfield.sks in Resources */ = {isa = PBXBuildFile; fileRef = 7D9BC3551EB7AACC00D30B0C /* Starfield.sks */; };
		7D9BC35C1EB7DB3000D30B0C /* MenuScene.sks in Resources */ = {isa = PBXBuildFile; fileRef = 7D9BC35B1EB7DB3000D30B0C /* MenuScene.sks */; };
		7D9BC35E1EB7DD9400D30B0C /* MenuScene.swift in Sources */ = {isa = PBXBuildFile; fileRef = 7D9BC35D1EB7DD9400D30B0C /* MenuScene.swift */; };
/* End PBXBuildFile section */

/* Begin PBXFileReference section */
		7D9BC30F1EB7A38200D30B0C /* SpaceGame.app */ = {isa = PBXFileReference; explicitFileType = wrapper.application; includeInIndex = 0; path = SpaceGame.app; sourceTree = BUILT_PRODUCTS_DIR; };
		7D9BC3121EB7A38200D30B0C /* AppDelegate.swift */ = {isa = PBXFileReference; lastKnownFileType = sourcecode.swift; path = AppDelegate.swift; sourceTree = "<group>"; };
		7D9BC3141EB7A38200D30B0C /* GameScene.sks */ = {isa = PBXFileReference; lastKnownFileType = file.sks; path = GameScene.sks; sourceTree = "<group>"; };
		7D9BC3161EB7A38200D30B0C /* Actions.sks */ = {isa = PBXFileReference; lastKnownFileType = file.sks; path = Actions.sks; sourceTree = "<group>"; };
		7D9BC3181EB7A38200D30B0C /* GameScene.swift */ = {isa = PBXFileReference; lastKnownFileType = sourcecode.swift; path = GameScene.swift; sourceTree = "<group>"; };
		7D9BC31A1EB7A38200D30B0C /* GameViewController.swift */ = {isa = PBXFileReference; lastKnownFileType = sourcecode.swift; path = GameViewController.swift; sourceTree = "<group>"; };
		7D9BC31D1EB7A38200D30B0C /* Base */ = {isa = PBXFileReference; lastKnownFileType = file.storyboard; name = Base; path = Base.lproj/Main.storyboard; sourceTree = "<group>"; };
		7D9BC31F1EB7A38200D30B0C /* Assets.xcassets */ = {isa = PBXFileReference; lastKnownFileType = folder.assetcatalog; path = Assets.xcassets; sourceTree = "<group>"; };
		7D9BC3221EB7A38200D30B0C /* Base */ = {isa = PBXFileReference; lastKnownFileType = file.storyboard; name = Base; path = Base.lproj/LaunchScreen.storyboard; sourceTree = "<group>"; };
		7D9BC3241EB7A38200D30B0C /* Info.plist */ = {isa = PBXFileReference; lastKnownFileType = text.plist.xml; path = Info.plist; sourceTree = "<group>"; };
		7D9BC34E1EB7A9B500D30B0C /* explosion.mp3 */ = {isa = PBXFileReference; lastKnownFileType = audio.mp3; path = explosion.mp3; sourceTree = "<group>"; };
		7D9BC34F1EB7A9B500D30B0C /* torpedo.mp3 */ = {isa = PBXFileReference; lastKnownFileType = audio.mp3; path = torpedo.mp3; sourceTree = "<group>"; };
		7D9BC3541EB7AACC00D30B0C /* Explosion.sks */ = {isa = PBXFileReference; lastKnownFileType = file.sks; path = Explosion.sks; sourceTree = "<group>"; };
		7D9BC3551EB7AACC00D30B0C /* Starfield.sks */ = {isa = PBXFileReference; lastKnownFileType = file.sks; path = Starfield.sks; sourceTree = "<group>"; };
		7D9BC35B1EB7DB3000D30B0C /* MenuScene.sks */ = {isa = PBXFileReference; lastKnownFileType = file.sks; path = MenuScene.sks; sourceTree = "<group>"; };
		7D9BC35D1EB7DD9400D30B0C /* MenuScene.swift */ = {isa = PBXFileReference; fileEncoding = 4; lastKnownFileType = sourcecode.swift; path = MenuScene.swift; sourceTree = "<group>"; };
/* End PBXFileReference section */

/* Begin PBXFrameworksBuildPhase section */
		7D9BC30C1EB7A38200D30B0C /* Frameworks */ = {
			isa = PBXFrameworksBuildPhase;
			buildActionMask = 2147483647;
			files = (
			);
			runOnlyForDeploymentPostprocessing = 0;
		};
/* End PBXFrameworksBuildPhase section */

/* Begin PBXGroup section */
		7D9BC3061EB7A38200D30B0C = {
			isa = PBXGroup;
			children = (
				7D9BC3111EB7A38200D30B0C /* SpaceGame */,
				7D9BC3101EB7A38200D30B0C /* Products */,
			);
			sourceTree = "<group>";
		};
		7D9BC3101EB7A38200D30B0C /* Products */ = {
			isa = PBXGroup;
			children = (
				7D9BC30F1EB7A38200D30B0C /* SpaceGame.app */,
			);
			name = Products;
			sourceTree = "<group>";
		};
		7D9BC3111EB7A38200D30B0C /* SpaceGame */ = {
			isa = PBXGroup;
			children = (
				7D9BC3121EB7A38200D30B0C /* AppDelegate.swift */,
				7D9BC31A1EB7A38200D30B0C /* GameViewController.swift */,
				7D9BC35B1EB7DB3000D30B0C /* MenuScene.sks */,
				7D9BC35D1EB7DD9400D30B0C /* MenuScene.swift */,
				7D9BC3161EB7A38200D30B0C /* Actions.sks */,
				7D9BC31C1EB7A38200D30B0C /* Main.storyboard */,
				7D9BC3581EB7D85000D30B0C /* Game */,
				7D9BC3591EB7D8B100D30B0C /* Emmitters */,
				7D9BC35A1EB7D8DA00D30B0C /* Sounds */,
				7D9BC31F1EB7A38200D30B0C /* Assets.xcassets */,
				7D9BC3211EB7A38200D30B0C /* LaunchScreen.storyboard */,
				7D9BC3241EB7A38200D30B0C /* Info.plist */,
			);
			path = SpaceGame;
			sourceTree = "<group>";
		};
		7D9BC3581EB7D85000D30B0C /* Game */ = {
			isa = PBXGroup;
			children = (
				7D9BC3181EB7A38200D30B0C /* GameScene.swift */,
				7D9BC3141EB7A38200D30B0C /* GameScene.sks */,
			);
			name = Game;
			sourceTree = "<group>";
		};
		7D9BC3591EB7D8B100D30B0C /* Emmitters */ = {
			isa = PBXGroup;
			children = (
				7D9BC3541EB7AACC00D30B0C /* Explosion.sks */,
				7D9BC3551EB7AACC00D30B0C /* Starfield.sks */,
			);
			name = Emmitters;
			sourceTree = "<group>";
		};
		7D9BC35A1EB7D8DA00D30B0C /* Sounds */ = {
			isa = PBXGroup;
			children = (
				7D9BC34E1EB7A9B500D30B0C /* explosion.mp3 */,
				7D9BC34F1EB7A9B500D30B0C /* torpedo.mp3 */,
			);
			name = Sounds;
			sourceTree = "<group>";
		};
/* End PBXGroup section */

/* Begin PBXNativeTarget section */
		7D9BC30E1EB7A38200D30B0C /* SpaceGame */ = {
			isa = PBXNativeTarget;
			buildConfigurationList = 7D9BC3271EB7A38200D30B0C /* Build configuration list for PBXNativeTarget "SpaceGame" */;
			buildPhases = (
				7D9BC30B1EB7A38200D30B0C /* Sources */,
				7D9BC30C1EB7A38200D30B0C /* Frameworks */,
				7D9BC30D1EB7A38200D30B0C /* Resources */,
			);
			buildRules = (
			);
			dependencies = (
			);
			name = SpaceGame;
			productName = SpaceGame;
			productReference = 7D9BC30F1EB7A38200D30B0C /* SpaceGame.app */;
			productType = "com.apple.product-type.application";
		};
/* End PBXNativeTarget section */

/* Begin PBXProject section */
		7D9BC3071EB7A38200D30B0C /* Project object */ = {
			isa = PBXProject;
			attributes = {
				LastSwiftUpdateCheck = 0830;
				LastUpgradeCheck = 0830;
				ORGANIZATIONNAME = "Sebastian Strus";
				TargetAttributes = {
					7D9BC30E1EB7A38200D30B0C = {
						CreatedOnToolsVersion = 8.3.2;
						DevelopmentTeam = 4SL936GBZY;
						ProvisioningStyle = Automatic;
					};
				};
			};
			buildConfigurationList = 7D9BC30A1EB7A38200D30B0C /* Build configuration list for PBXProject "SpaceGame" */;
			compatibilityVersion = "Xcode 3.2";
			developmentRegion = English;
			hasScannedForEncodings = 0;
			knownRegions = (
				en,
				Base,
			);
			mainGroup = 7D9BC3061EB7A38200D30B0C;
			productRefGroup = 7D9BC3101EB7A38200D30B0C /* Products */;
			projectDirPath = "";
			projectRoot = "";
			targets = (
				7D9BC30E1EB7A38200D30B0C /* SpaceGame */,
			);
		};
/* End PBXProject section */

/* Begin PBXResourcesBuildPhase section */
		7D9BC30D1EB7A38200D30B0C /* Resources */ = {
			isa = PBXResourcesBuildPhase;
			buildActionMask = 2147483647;
			files = (
				7D9BC3511EB7A9B500D30B0C /* torpedo.mp3 in Resources */,
				7D9BC3501EB7A9B500D30B0C /* explosion.mp3 in Resources */,
				7D9BC31E1EB7A38200D30B0C /* Main.storyboard in Resources */,
				7D9BC35C1EB7DB3000D30B0C /* MenuScene.sks in Resources */,
				7D9BC3151EB7A38200D30B0C /* GameScene.sks in Resources */,
				7D9BC3201EB7A38200D30B0C /* Assets.xcassets in Resources */,
				7D9BC3561EB7AACC00D30B0C /* Explosion.sks in Resources */,
				7D9BC3571EB7AACC00D30B0C /* Starfield.sks in Resources */,
				7D9BC3231EB7A38200D30B0C /* LaunchScreen.storyboard in Resources */,
				7D9BC3171EB7A38200D30B0C /* Actions.sks in Resources */,
			);
			runOnlyForDeploymentPostprocessing = 0;
		};
/* End PBXResourcesBuildPhase section */

/* Begin PBXSourcesBuildPhase section */
		7D9BC30B1EB7A38200D30B0C /* Sources */ = {
			isa = PBXSourcesBuildPhase;
			buildActionMask = 2147483647;
			files = (
				7D9BC3191EB7A38200D30B0C /* GameScene.swift in Sources */,
				7D9BC35E1EB7DD9400D30B0C /* MenuScene.swift in Sources */,
				7D9BC31B1EB7A38200D30B0C /* GameViewController.swift in Sources */,
				7D9BC3131EB7A38200D30B0C /* AppDelegate.swift in Sources */,
			);
			runOnlyForDeploymentPostprocessing = 0;
		};
/* End PBXSourcesBuildPhase section */

/* Begin PBXVariantGroup section */
		7D9BC31C1EB7A38200D30B0C /* Main.storyboard */ = {
			isa = PBXVariantGroup;
			children = (
				7D9BC31D1EB7A38200D30B0C /* Base */,
			);
			name = Main.storyboard;
			sourceTree = "<group>";
		};
		7D9BC3211EB7A38200D30B0C /* LaunchScreen.storyboard */ = {
			isa = PBXVariantGroup;
			children = (
				7D9BC3221EB7A38200D30B0C /* Base */,
			);
			name = LaunchScreen.storyboard;
			sourceTree = "<group>";
		};
/* End PBXVariantGroup section */

/* Begin XCBuildConfiguration section */
		7D9BC3251EB7A38200D30B0C /* Debug */ = {
			isa = XCBuildConfiguration;
			buildSettings = {
				ALWAYS_SEARCH_USER_PATHS = NO;
				CLANG_ANALYZER_NONNULL = YES;
				CLANG_ANALYZER_NUMBER_OBJECT_CONVERSION = YES_AGGRESSIVE;
				CLANG_CXX_LANGUAGE_STANDARD = "gnu++0x";
				CLANG_CXX_LIBRARY = "libc++";
				CLANG_ENABLE_MODULES = YES;
				CLANG_ENABLE_OBJC_ARC = YES;
				CLANG_WARN_BOOL_CONVERSION = YES;
				CLANG_WARN_CONSTANT_CONVERSION = YES;
				CLANG_WARN_DIRECT_OBJC_ISA_USAGE = YES_ERROR;
				CLANG_WARN_DOCUMENTATION_COMMENTS = YES;
				CLANG_WARN_EMPTY_BODY = YES;
				CLANG_WARN_ENUM_CONVERSION = YES;
				CLANG_WARN_INFINITE_RECURSION = YES;
				CLANG_WARN_INT_CONVERSION = YES;
				CLANG_WARN_OBJC_ROOT_CLASS = YES_ERROR;
				CLANG_WARN_SUSPICIOUS_MOVE = YES;
				CLANG_WARN_UNREACHABLE_CODE = YES;
				CLANG_WARN__DUPLICATE_METHOD_MATCH = YES;
				"CODE_SIGN_IDENTITY[sdk=iphoneos*]" = "iPhone Developer";
				COPY_PHASE_STRIP = NO;
				DEBUG_INFORMATION_FORMAT = dwarf;
				ENABLE_STRICT_OBJC_MSGSEND = YES;
				ENABLE_TESTABILITY = YES;
				GCC_C_LANGUAGE_STANDARD = gnu99;
				GCC_DYNAMIC_NO_PIC = NO;
				GCC_NO_COMMON_BLOCKS = YES;
				GCC_OPTIMIZATION_LEVEL = 0;
				GCC_PREPROCESSOR_DEFINITIONS = (
					"DEBUG=1",
					"$(inherited)",
				);
				GCC_WARN_64_TO_32_BIT_CONVERSION = YES;
				GCC_WARN_ABOUT_RETURN_TYPE = YES_ERROR;
				GCC_WARN_UNDECLARED_SELECTOR = YES;
				GCC_WARN_UNINITIALIZED_AUTOS = YES_AGGRESSIVE;
				GCC_WARN_UNUSED_FUNCTION = YES;
				GCC_WARN_UNUSED_VARIABLE = YES;
				IPHONEOS_DEPLOYMENT_TARGET = 10.3;
				MTL_ENABLE_DEBUG_INFO = YES;
				ONLY_ACTIVE_ARCH = YES;
				SDKROOT = iphoneos;
				SWIFT_ACTIVE_COMPILATION_CONDITIONS = DEBUG;
				SWIFT_OPTIMIZATION_LEVEL = "-Onone";
			};
			name = Debug;
		};
		7D9BC3261EB7A38200D30B0C /* Release */ = {
			isa = XCBuildConfiguration;
			buildSettings = {
				ALWAYS_SEARCH_USER_PATHS = NO;
				CLANG_ANALYZER_NONNULL = YES;
				CLANG_ANALYZER_NUMBER_OBJECT_CONVERSION = YES_AGGRESSIVE;
				CLANG_CXX_LANGUAGE_STANDARD = "gnu++0x";
				CLANG_CXX_LIBRARY = "libc++";
				CLANG_ENABLE_MODULES = YES;
				CLANG_ENABLE_OBJC_ARC = YES;
				CLANG_WARN_BOOL_CONVERSION = YES;
				CLANG_WARN_CONSTANT_CONVERSION = YES;
				CLANG_WARN_DIRECT_OBJC_ISA_USAGE = YES_ERROR;
				CLANG_WARN_DOCUMENTATION_COMMENTS = YES;
				CLANG_WARN_EMPTY_BODY = YES;
				CLANG_WARN_ENUM_CONVERSION = YES;
				CLANG_WARN_INFINITE_RECURSION = YES;
				CLANG_WARN_INT_CONVERSION = YES;
				CLANG_WARN_OBJC_ROOT_CLASS = YES_ERROR;
				CLANG_WARN_SUSPICIOUS_MOVE = YES;
				CLANG_WARN_UNREACHABLE_CODE = YES;
				CLANG_WARN__DUPLICATE_METHOD_MATCH = YES;
				"CODE_SIGN_IDENTITY[sdk=iphoneos*]" = "iPhone Developer";
				COPY_PHASE_STRIP = NO;
				DEBUG_INFORMATION_FORMAT = "dwarf-with-dsym";
				ENABLE_NS_ASSERTIONS = NO;
				ENABLE_STRICT_OBJC_MSGSEND = YES;
				GCC_C_LANGUAGE_STANDARD = gnu99;
				GCC_NO_COMMON_BLOCKS = YES;
				GCC_WARN_64_TO_32_BIT_CONVERSION = YES;
				GCC_WARN_ABOUT_RETURN_TYPE = YES_ERROR;
				GCC_WARN_UNDECLARED_SELECTOR = YES;
				GCC_WARN_UNINITIALIZED_AUTOS = YES_AGGRESSIVE;
				GCC_WARN_UNUSED_FUNCTION = YES;
				GCC_WARN_UNUSED_VARIABLE = YES;
				IPHONEOS_DEPLOYMENT_TARGET = 10.3;
				MTL_ENABLE_DEBUG_INFO = NO;
				SDKROOT = iphoneos;
				SWIFT_OPTIMIZATION_LEVEL = "-Owholemodule";
				VALIDATE_PRODUCT = YES;
			};
			name = Release;
		};
		7D9BC3281EB7A38200D30B0C /* Debug */ = {
			isa = XCBuildConfiguration;
			buildSettings = {
				ASSETCATALOG_COMPILER_APPICON_NAME = AppIcon;
				DEVELOPMENT_TEAM = 4SL936GBZY;
				INFOPLIST_FILE = SpaceGame/Info.plist;
				LD_RUNPATH_SEARCH_PATHS = "$(inherited) @executable_path/Frameworks";
				PRODUCT_BUNDLE_IDENTIFIER = SEB.SpaceGame;
				PRODUCT_NAME = "$(TARGET_NAME)";
				SWIFT_VERSION = 3.0;
			};
			name = Debug;
		};
		7D9BC3291EB7A38200D30B0C /* Release */ = {
			isa = XCBuildConfiguration;
			buildSettings = {
				ASSETCATALOG_COMPILER_APPICON_NAME = AppIcon;
				DEVELOPMENT_TEAM = 4SL936GBZY;
				INFOPLIST_FILE = SpaceGame/Info.plist;
				LD_RUNPATH_SEARCH_PATHS = "$(inherited) @executable_path/Frameworks";
				PRODUCT_BUNDLE_IDENTIFIER = SEB.SpaceGame;
				PRODUCT_NAME = "$(TARGET_NAME)";
				SWIFT_VERSION = 3.0;
			};
			name = Release;
		};
/* End XCBuildConfiguration section */

/* Begin XCConfigurationList section */
		7D9BC30A1EB7A38200D30B0C /* Build configuration list for PBXProject "SpaceGame" */ = {
			isa = XCConfigurationList;
			buildConfigurations = (
				7D9BC3251EB7A38200D30B0C /* Debug */,
				7D9BC3261EB7A38200D30B0C /* Release */,
			);
			defaultConfigurationIsVisible = 0;
			defaultConfigurationName = Release;
		};
		7D9BC3271EB7A38200D30B0C /* Build configuration list for PBXNativeTarget "SpaceGame" */ = {
			isa = XCConfigurationList;
			buildConfigurations = (
				7D9BC3281EB7A38200D30B0C /* Debug */,
				7D9BC3291EB7A38200D30B0C /* Release */,
			);
			defaultConfigurationIsVisible = 0;
			defaultConfigurationName = Release;
		};
/* End XCConfigurationList section */
	};
	rootObject = 7D9BC3071EB7A38200D30B0C /* Project object */;
}
